
Microsoft Visual Studio Solution File, Format Version 12.00
# Visual Studio Version 17
VisualStudioVersion = 17.9.34728.123
MinimumVisualStudioVersion = 10.0.40219.1
Project("{FAE04EC0-301F-11D3-BF4B-00C04F79EFBC}") = "WpfApp1", "WpfApp1\WpfApp1.csproj", "{DDDAC87D-F60A-40BA-BE81-E0A49C8F88EB}"
EndProject
Global
	GlobalSection(SolutionConfigurationPlatforms) = preSolution
		Debug|Any CPU = Debug|Any CPU
		Release|Any CPU = Release|Any CPU
	EndGlobalSection
	GlobalSection(ProjectConfigurationPlatforms) = postSolution
		{DDDAC87D-F60A-40BA-BE81-E0A49C8F88EB}.Debug|Any CPU.ActiveCfg = Debug|Any CPU
		{DDDAC87D-F60A-40BA-BE81-E0A49C8F88EB}.Debug|Any CPU.Build.0 = Debug|Any CPU
		{DDDAC87D-F60A-40BA-BE81-E0A49C8F88EB}.Release|Any CPU.ActiveCfg = Release|Any CPU
		{DDDAC87D-F60A-40BA-BE81-E0A49C8F88EB}.Release|Any CPU.Build.0 = Release|Any CPU
	EndGlobalSection
	GlobalSection(SolutionProperties) = preSolution
		HideSolutionNode = FALSE
	EndGlobalSection
	GlobalSection(ExtensibilityGlobals) = postSolution
		SolutionGuid = {2E0E3F38-B4BC-48E6-8350-993EDB1E17B5}
	EndGlobalSection
EndGlobal
